// !$*UTF8*$!
{
	archiveVersion = 1;
	classes = {
	};
	objectVersion = 56;
	objects = {

/* Begin PBXBuildFile section */
		9405AA5B2ABBC21F0053DB22 /* FiestaUI in Frameworks */ = {isa = PBXBuildFile; productRef = 9405AA5A2ABBC21F0053DB22 /* FiestaUI */; };
		94BD1CAA2ABBBE800062DD6E /* FiestaSampleAppApp.swift in Sources */ = {isa = PBXBuildFile; fileRef = 94BD1CA92ABBBE800062DD6E /* FiestaSampleAppApp.swift */; };
		94BD1CAC2ABBBE800062DD6E /* ContentView.swift in Sources */ = {isa = PBXBuildFile; fileRef = 94BD1CAB2ABBBE800062DD6E /* ContentView.swift */; };
		94BD1CAE2ABBBE820062DD6E /* Assets.xcassets in Resources */ = {isa = PBXBuildFile; fileRef = 94BD1CAD2ABBBE820062DD6E /* Assets.xcassets */; };
		94BD1CB12ABBBE820062DD6E /* Preview Assets.xcassets in Resources */ = {isa = PBXBuildFile; fileRef = 94BD1CB02ABBBE820062DD6E /* Preview Assets.xcassets */; };
		94BD1CBB2ABBBE830062DD6E /* FiestaSampleAppTests.swift in Sources */ = {isa = PBXBuildFile; fileRef = 94BD1CBA2ABBBE830062DD6E /* FiestaSampleAppTests.swift */; };
		94BD1CC52ABBBE830062DD6E /* FiestaSampleAppUITests.swift in Sources */ = {isa = PBXBuildFile; fileRef = 94BD1CC42ABBBE830062DD6E /* FiestaSampleAppUITests.swift */; };
		94BD1CC72ABBBE830062DD6E /* FiestaSampleAppUITestsLaunchTests.swift in Sources */ = {isa = PBXBuildFile; fileRef = 94BD1CC62ABBBE830062DD6E /* FiestaSampleAppUITestsLaunchTests.swift */; };
/* End PBXBuildFile section */

/* Begin PBXContainerItemProxy section */
		94BD1CB72ABBBE830062DD6E /* PBXContainerItemProxy */ = {
			isa = PBXContainerItemProxy;
			containerPortal = 94BD1C9E2ABBBE800062DD6E /* Project object */;
			proxyType = 1;
			remoteGlobalIDString = 94BD1CA52ABBBE800062DD6E;
			remoteInfo = FiestaSampleApp;
		};
		94BD1CC12ABBBE830062DD6E /* PBXContainerItemProxy */ = {
			isa = PBXContainerItemProxy;
			containerPortal = 94BD1C9E2ABBBE800062DD6E /* Project object */;
			proxyType = 1;
			remoteGlobalIDString = 94BD1CA52ABBBE800062DD6E;
			remoteInfo = FiestaSampleApp;
		};
/* End PBXContainerItemProxy section */

/* Begin PBXFileReference section */
		943A49B22ABBC19C0082B66B /* FiestaUI */ = {isa = PBXFileReference; lastKnownFileType = wrapper; name = FiestaUI; path = ..; sourceTree = "<group>"; };
		94BD1CA62ABBBE800062DD6E /* FiestaSampleApp.app */ = {isa = PBXFileReference; explicitFileType = wrapper.application; includeInIndex = 0; path = FiestaSampleApp.app; sourceTree = BUILT_PRODUCTS_DIR; };
		94BD1CA92ABBBE800062DD6E /* FiestaSampleAppApp.swift */ = {isa = PBXFileReference; lastKnownFileType = sourcecode.swift; path = FiestaSampleAppApp.swift; sourceTree = "<group>"; };
		94BD1CAB2ABBBE800062DD6E /* ContentView.swift */ = {isa = PBXFileReference; lastKnownFileType = sourcecode.swift; path = ContentView.swift; sourceTree = "<group>"; };
		94BD1CAD2ABBBE820062DD6E /* Assets.xcassets */ = {isa = PBXFileReference; lastKnownFileType = folder.assetcatalog; path = Assets.xcassets; sourceTree = "<group>"; };
		94BD1CB02ABBBE820062DD6E /* Preview Assets.xcassets */ = {isa = PBXFileReference; lastKnownFileType = folder.assetcatalog; path = "Preview Assets.xcassets"; sourceTree = "<group>"; };
		94BD1CB62ABBBE830062DD6E /* FiestaSampleAppTests.xctest */ = {isa = PBXFileReference; explicitFileType = wrapper.cfbundle; includeInIndex = 0; path = FiestaSampleAppTests.xctest; sourceTree = BUILT_PRODUCTS_DIR; };
		94BD1CBA2ABBBE830062DD6E /* FiestaSampleAppTests.swift */ = {isa = PBXFileReference; lastKnownFileType = sourcecode.swift; path = FiestaSampleAppTests.swift; sourceTree = "<group>"; };
		94BD1CC02ABBBE830062DD6E /* FiestaSampleAppUITests.xctest */ = {isa = PBXFileReference; explicitFileType = wrapper.cfbundle; includeInIndex = 0; path = FiestaSampleAppUITests.xctest; sourceTree = BUILT_PRODUCTS_DIR; };
		94BD1CC42ABBBE830062DD6E /* FiestaSampleAppUITests.swift */ = {isa = PBXFileReference; lastKnownFileType = sourcecode.swift; path = FiestaSampleAppUITests.swift; sourceTree = "<group>"; };
		94BD1CC62ABBBE830062DD6E /* FiestaSampleAppUITestsLaunchTests.swift */ = {isa = PBXFileReference; lastKnownFileType = sourcecode.swift; path = FiestaSampleAppUITestsLaunchTests.swift; sourceTree = "<group>"; };
/* End PBXFileReference section */

/* Begin PBXFrameworksBuildPhase section */
		94BD1CA32ABBBE800062DD6E /* Frameworks */ = {
			isa = PBXFrameworksBuildPhase;
			buildActionMask = 2147483647;
			files = (
				9405AA5B2ABBC21F0053DB22 /* FiestaUI in Frameworks */,
			);
			runOnlyForDeploymentPostprocessing = 0;
		};
		94BD1CB32ABBBE830062DD6E /* Frameworks */ = {
			isa = PBXFrameworksBuildPhase;
			buildActionMask = 2147483647;
			files = (
			);
			runOnlyForDeploymentPostprocessing = 0;
		};
		94BD1CBD2ABBBE830062DD6E /* Frameworks */ = {
			isa = PBXFrameworksBuildPhase;
			buildActionMask = 2147483647;
			files = (
			);
			runOnlyForDeploymentPostprocessing = 0;
		};
/* End PBXFrameworksBuildPhase section */

/* Begin PBXGroup section */
		9405AA592ABBC21F0053DB22 /* Frameworks */ = {
			isa = PBXGroup;
			children = (
			);
			name = Frameworks;
			sourceTree = "<group>";
		};
		94BD1C9D2ABBBE800062DD6E = {
			isa = PBXGroup;
			children = (
				94BD1CD32ABBBEC00062DD6E /* Packages */,
				94BD1CA82ABBBE800062DD6E /* FiestaSampleApp */,
				94BD1CB92ABBBE830062DD6E /* FiestaSampleAppTests */,
				94BD1CC32ABBBE830062DD6E /* FiestaSampleAppUITests */,
				94BD1CA72ABBBE800062DD6E /* Products */,
				9405AA592ABBC21F0053DB22 /* Frameworks */,
			);
			sourceTree = "<group>";
		};
		94BD1CA72ABBBE800062DD6E /* Products */ = {
			isa = PBXGroup;
			children = (
				94BD1CA62ABBBE800062DD6E /* FiestaSampleApp.app */,
				94BD1CB62ABBBE830062DD6E /* FiestaSampleAppTests.xctest */,
				94BD1CC02ABBBE830062DD6E /* FiestaSampleAppUITests.xctest */,
			);
			name = Products;
			sourceTree = "<group>";
		};
		94BD1CA82ABBBE800062DD6E /* FiestaSampleApp */ = {
			isa = PBXGroup;
			children = (
				94BD1CA92ABBBE800062DD6E /* FiestaSampleAppApp.swift */,
				94BD1CAB2ABBBE800062DD6E /* ContentView.swift */,
				94BD1CAD2ABBBE820062DD6E /* Assets.xcassets */,
				94BD1CAF2ABBBE820062DD6E /* Preview Content */,
			);
			path = FiestaSampleApp;
			sourceTree = "<group>";
		};
		94BD1CAF2ABBBE820062DD6E /* Preview Content */ = {
			isa = PBXGroup;
			children = (
				94BD1CB02ABBBE820062DD6E /* Preview Assets.xcassets */,
			);
			path = "Preview Content";
			sourceTree = "<group>";
		};
		94BD1CB92ABBBE830062DD6E /* FiestaSampleAppTests */ = {
			isa = PBXGroup;
			children = (
				94BD1CBA2ABBBE830062DD6E /* FiestaSampleAppTests.swift */,
			);
			path = FiestaSampleAppTests;
			sourceTree = "<group>";
		};
		94BD1CC32ABBBE830062DD6E /* FiestaSampleAppUITests */ = {
			isa = PBXGroup;
			children = (
				94BD1CC42ABBBE830062DD6E /* FiestaSampleAppUITests.swift */,
				94BD1CC62ABBBE830062DD6E /* FiestaSampleAppUITestsLaunchTests.swift */,
			);
			path = FiestaSampleAppUITests;
			sourceTree = "<group>";
		};
		94BD1CD32ABBBEC00062DD6E /* Packages */ = {
			isa = PBXGroup;
			children = (
				943A49B22ABBC19C0082B66B /* FiestaUI */,
			);
			name = Packages;
			sourceTree = "<group>";
		};
/* End PBXGroup section */

/* Begin PBXNativeTarget section */
		94BD1CA52ABBBE800062DD6E /* FiestaSampleApp */ = {
			isa = PBXNativeTarget;
			buildConfigurationList = 94BD1CCA2ABBBE830062DD6E /* Build configuration list for PBXNativeTarget "FiestaSampleApp" */;
			buildPhases = (
				94BD1CA22ABBBE800062DD6E /* Sources */,
				94BD1CA32ABBBE800062DD6E /* Frameworks */,
				94BD1CA42ABBBE800062DD6E /* Resources */,
			);
			buildRules = (
			);
			dependencies = (
			);
			name = FiestaSampleApp;
			packageProductDependencies = (
				9405AA5A2ABBC21F0053DB22 /* FiestaUI */,
			);
			productName = FiestaSampleApp;
			productReference = 94BD1CA62ABBBE800062DD6E /* FiestaSampleApp.app */;
			productType = "com.apple.product-type.application";
		};
		94BD1CB52ABBBE830062DD6E /* FiestaSampleAppTests */ = {
			isa = PBXNativeTarget;
			buildConfigurationList = 94BD1CCD2ABBBE830062DD6E /* Build configuration list for PBXNativeTarget "FiestaSampleAppTests" */;
			buildPhases = (
				94BD1CB22ABBBE830062DD6E /* Sources */,
				94BD1CB32ABBBE830062DD6E /* Frameworks */,
				94BD1CB42ABBBE830062DD6E /* Resources */,
			);
			buildRules = (
			);
			dependencies = (
				94BD1CB82ABBBE830062DD6E /* PBXTargetDependency */,
			);
			name = FiestaSampleAppTests;
			productName = FiestaSampleAppTests;
			productReference = 94BD1CB62ABBBE830062DD6E /* FiestaSampleAppTests.xctest */;
			productType = "com.apple.product-type.bundle.unit-test";
		};
		94BD1CBF2ABBBE830062DD6E /* FiestaSampleAppUITests */ = {
			isa = PBXNativeTarget;
			buildConfigurationList = 94BD1CD02ABBBE830062DD6E /* Build configuration list for PBXNativeTarget "FiestaSampleAppUITests" */;
			buildPhases = (
				94BD1CBC2ABBBE830062DD6E /* Sources */,
				94BD1CBD2ABBBE830062DD6E /* Frameworks */,
				94BD1CBE2ABBBE830062DD6E /* Resources */,
			);
			buildRules = (
			);
			dependencies = (
				94BD1CC22ABBBE830062DD6E /* PBXTargetDependency */,
			);
			name = FiestaSampleAppUITests;
			productName = FiestaSampleAppUITests;
			productReference = 94BD1CC02ABBBE830062DD6E /* FiestaSampleAppUITests.xctest */;
			productType = "com.apple.product-type.bundle.ui-testing";
		};
/* End PBXNativeTarget section */

/* Begin PBXProject section */
		94BD1C9E2ABBBE800062DD6E /* Project object */ = {
			isa = PBXProject;
			attributes = {
				BuildIndependentTargetsInParallel = 1;
				LastSwiftUpdateCheck = 1420;
				LastUpgradeCheck = 1420;
				TargetAttributes = {
					94BD1CA52ABBBE800062DD6E = {
						CreatedOnToolsVersion = 14.2;
					};
					94BD1CB52ABBBE830062DD6E = {
						CreatedOnToolsVersion = 14.2;
						TestTargetID = 94BD1CA52ABBBE800062DD6E;
					};
					94BD1CBF2ABBBE830062DD6E = {
						CreatedOnToolsVersion = 14.2;
						TestTargetID = 94BD1CA52ABBBE800062DD6E;
					};
				};
			};
			buildConfigurationList = 94BD1CA12ABBBE800062DD6E /* Build configuration list for PBXProject "FiestaSampleApp" */;
			compatibilityVersion = "Xcode 14.0";
			developmentRegion = en;
			hasScannedForEncodings = 0;
			knownRegions = (
				en,
				Base,
			);
			mainGroup = 94BD1C9D2ABBBE800062DD6E;
			productRefGroup = 94BD1CA72ABBBE800062DD6E /* Products */;
			projectDirPath = "";
			projectRoot = "";
			targets = (
				94BD1CA52ABBBE800062DD6E /* FiestaSampleApp */,
				94BD1CB52ABBBE830062DD6E /* FiestaSampleAppTests */,
				94BD1CBF2ABBBE830062DD6E /* FiestaSampleAppUITests */,
			);
		};
/* End PBXProject section */

/* Begin PBXResourcesBuildPhase section */
		94BD1CA42ABBBE800062DD6E /* Resources */ = {
			isa = PBXResourcesBuildPhase;
			buildActionMask = 2147483647;
			files = (
				94BD1CB12ABBBE820062DD6E /* Preview Assets.xcassets in Resources */,
				94BD1CAE2ABBBE820062DD6E /* Assets.xcassets in Resources */,
			);
			runOnlyForDeploymentPostprocessing = 0;
		};
		94BD1CB42ABBBE830062DD6E /* Resources */ = {
			isa = PBXResourcesBuildPhase;
			buildActionMask = 2147483647;
			files = (
			);
			runOnlyForDeploymentPostprocessing = 0;
		};
		94BD1CBE2ABBBE830062DD6E /* Resources */ = {
			isa = PBXResourcesBuildPhase;
			buildActionMask = 2147483647;
			files = (
			);
			runOnlyForDeploymentPostprocessing = 0;
		};
/* End PBXResourcesBuildPhase section */

/* Begin PBXSourcesBuildPhase section */
		94BD1CA22ABBBE800062DD6E /* Sources */ = {
			isa = PBXSourcesBuildPhase;
			buildActionMask = 2147483647;
			files = (
				94BD1CAC2ABBBE800062DD6E /* ContentView.swift in Sources */,
				94BD1CAA2ABBBE800062DD6E /* FiestaSampleAppApp.swift in Sources */,
			);
			runOnlyForDeploymentPostprocessing = 0;
		};
		94BD1CB22ABBBE830062DD6E /* Sources */ = {
			isa = PBXSourcesBuildPhase;
			buildActionMask = 2147483647;
			files = (
				94BD1CBB2ABBBE830062DD6E /* FiestaSampleAppTests.swift in Sources */,
			);
			runOnlyForDeploymentPostprocessing = 0;
		};
		94BD1CBC2ABBBE830062DD6E /* Sources */ = {
			isa = PBXSourcesBuildPhase;
			buildActionMask = 2147483647;
			files = (
				94BD1CC72ABBBE830062DD6E /* FiestaSampleAppUITestsLaunchTests.swift in Sources */,
				94BD1CC52ABBBE830062DD6E /* FiestaSampleAppUITests.swift in Sources */,
			);
			runOnlyForDeploymentPostprocessing = 0;
		};
/* End PBXSourcesBuildPhase section */

/* Begin PBXTargetDependency section */
		94BD1CB82ABBBE830062DD6E /* PBXTargetDependency */ = {
			isa = PBXTargetDependency;
			target = 94BD1CA52ABBBE800062DD6E /* FiestaSampleApp */;
			targetProxy = 94BD1CB72ABBBE830062DD6E /* PBXContainerItemProxy */;
		};
		94BD1CC22ABBBE830062DD6E /* PBXTargetDependency */ = {
			isa = PBXTargetDependency;
			target = 94BD1CA52ABBBE800062DD6E /* FiestaSampleApp */;
			targetProxy = 94BD1CC12ABBBE830062DD6E /* PBXContainerItemProxy */;
		};
/* End PBXTargetDependency section */

/* Begin XCBuildConfiguration section */
		94BD1CC82ABBBE830062DD6E /* Debug */ = {
			isa = XCBuildConfiguration;
			buildSettings = {
				ALWAYS_SEARCH_USER_PATHS = NO;
				CLANG_ANALYZER_NONNULL = YES;
				CLANG_ANALYZER_NUMBER_OBJECT_CONVERSION = YES_AGGRESSIVE;
				CLANG_CXX_LANGUAGE_STANDARD = "gnu++20";
				CLANG_ENABLE_MODULES = YES;
				CLANG_ENABLE_OBJC_ARC = YES;
				CLANG_ENABLE_OBJC_WEAK = YES;
				CLANG_WARN_BLOCK_CAPTURE_AUTORELEASING = YES;
				CLANG_WARN_BOOL_CONVERSION = YES;
				CLANG_WARN_COMMA = YES;
				CLANG_WARN_CONSTANT_CONVERSION = YES;
				CLANG_WARN_DEPRECATED_OBJC_IMPLEMENTATIONS = YES;
				CLANG_WARN_DIRECT_OBJC_ISA_USAGE = YES_ERROR;
				CLANG_WARN_DOCUMENTATION_COMMENTS = YES;
				CLANG_WARN_EMPTY_BODY = YES;
				CLANG_WARN_ENUM_CONVERSION = YES;
				CLANG_WARN_INFINITE_RECURSION = YES;
				CLANG_WARN_INT_CONVERSION = YES;
				CLANG_WARN_NON_LITERAL_NULL_CONVERSION = YES;
				CLANG_WARN_OBJC_IMPLICIT_RETAIN_SELF = YES;
				CLANG_WARN_OBJC_LITERAL_CONVERSION = YES;
				CLANG_WARN_OBJC_ROOT_CLASS = YES_ERROR;
				CLANG_WARN_QUOTED_INCLUDE_IN_FRAMEWORK_HEADER = YES;
				CLANG_WARN_RANGE_LOOP_ANALYSIS = YES;
				CLANG_WARN_STRICT_PROTOTYPES = YES;
				CLANG_WARN_SUSPICIOUS_MOVE = YES;
				CLANG_WARN_UNGUARDED_AVAILABILITY = YES_AGGRESSIVE;
				CLANG_WARN_UNREACHABLE_CODE = YES;
				CLANG_WARN__DUPLICATE_METHOD_MATCH = YES;
				COPY_PHASE_STRIP = NO;
				DEBUG_INFORMATION_FORMAT = dwarf;
				ENABLE_STRICT_OBJC_MSGSEND = YES;
				ENABLE_TESTABILITY = YES;
				GCC_C_LANGUAGE_STANDARD = gnu11;
				GCC_DYNAMIC_NO_PIC = NO;
				GCC_NO_COMMON_BLOCKS = YES;
				GCC_OPTIMIZATION_LEVEL = 0;
				GCC_PREPROCESSOR_DEFINITIONS = (
					"DEBUG=1",
					"$(inherited)",
				);
				GCC_WARN_64_TO_32_BIT_CONVERSION = YES;
				GCC_WARN_ABOUT_RETURN_TYPE = YES_ERROR;
				GCC_WARN_UNDECLARED_SELECTOR = YES;
				GCC_WARN_UNINITIALIZED_AUTOS = YES_AGGRESSIVE;
				GCC_WARN_UNUSED_FUNCTION = YES;
				GCC_WARN_UNUSED_VARIABLE = YES;
				IPHONEOS_DEPLOYMENT_TARGET = 16.2;
				MTL_ENABLE_DEBUG_INFO = INCLUDE_SOURCE;
				MTL_FAST_MATH = YES;
				ONLY_ACTIVE_ARCH = YES;
				SDKROOT = iphoneos;
				SWIFT_ACTIVE_COMPILATION_CONDITIONS = DEBUG;
				SWIFT_OPTIMIZATION_LEVEL = "-Onone";
			};
			name = Debug;
		};
		94BD1CC92ABBBE830062DD6E /* Release */ = {
			isa = XCBuildConfiguration;
			buildSettings = {
				ALWAYS_SEARCH_USER_PATHS = NO;
				CLANG_ANALYZER_NONNULL = YES;
				CLANG_ANALYZER_NUMBER_OBJECT_CONVERSION = YES_AGGRESSIVE;
				CLANG_CXX_LANGUAGE_STANDARD = "gnu++20";
				CLANG_ENABLE_MODULES = YES;
				CLANG_ENABLE_OBJC_ARC = YES;
				CLANG_ENABLE_OBJC_WEAK = YES;
				CLANG_WARN_BLOCK_CAPTURE_AUTORELEASING = YES;
				CLANG_WARN_BOOL_CONVERSION = YES;
				CLANG_WARN_COMMA = YES;
				CLANG_WARN_CONSTANT_CONVERSION = YES;
				CLANG_WARN_DEPRECATED_OBJC_IMPLEMENTATIONS = YES;
				CLANG_WARN_DIRECT_OBJC_ISA_USAGE = YES_ERROR;
				CLANG_WARN_DOCUMENTATION_COMMENTS = YES;
				CLANG_WARN_EMPTY_BODY = YES;
				CLANG_WARN_ENUM_CONVERSION = YES;
				CLANG_WARN_INFINITE_RECURSION = YES;
				CLANG_WARN_INT_CONVERSION = YES;
				CLANG_WARN_NON_LITERAL_NULL_CONVERSION = YES;
				CLANG_WARN_OBJC_IMPLICIT_RETAIN_SELF = YES;
				CLANG_WARN_OBJC_LITERAL_CONVERSION = YES;
				CLANG_WARN_OBJC_ROOT_CLASS = YES_ERROR;
				CLANG_WARN_QUOTED_INCLUDE_IN_FRAMEWORK_HEADER = YES;
				CLANG_WARN_RANGE_LOOP_ANALYSIS = YES;
				CLANG_WARN_STRICT_PROTOTYPES = YES;
				CLANG_WARN_SUSPICIOUS_MOVE = YES;
				CLANG_WARN_UNGUARDED_AVAILABILITY = YES_AGGRESSIVE;
				CLANG_WARN_UNREACHABLE_CODE = YES;
				CLANG_WARN__DUPLICATE_METHOD_MATCH = YES;
				COPY_PHASE_STRIP = NO;
				DEBUG_INFORMATION_FORMAT = "dwarf-with-dsym";
				ENABLE_NS_ASSERTIONS = NO;
				ENABLE_STRICT_OBJC_MSGSEND = YES;
				GCC_C_LANGUAGE_STANDARD = gnu11;
				GCC_NO_COMMON_BLOCKS = YES;
				GCC_WARN_64_TO_32_BIT_CONVERSION = YES;
				GCC_WARN_ABOUT_RETURN_TYPE = YES_ERROR;
				GCC_WARN_UNDECLARED_SELECTOR = YES;
				GCC_WARN_UNINITIALIZED_AUTOS = YES_AGGRESSIVE;
				GCC_WARN_UNUSED_FUNCTION = YES;
				GCC_WARN_UNUSED_VARIABLE = YES;
				IPHONEOS_DEPLOYMENT_TARGET = 16.2;
				MTL_ENABLE_DEBUG_INFO = NO;
				MTL_FAST_MATH = YES;
				SDKROOT = iphoneos;
				SWIFT_COMPILATION_MODE = wholemodule;
				SWIFT_OPTIMIZATION_LEVEL = "-O";
				VALIDATE_PRODUCT = YES;
			};
			name = Release;
		};
		94BD1CCB2ABBBE830062DD6E /* Debug */ = {
			isa = XCBuildConfiguration;
			buildSettings = {
				ASSETCATALOG_COMPILER_APPICON_NAME = AppIcon;
				ASSETCATALOG_COMPILER_GLOBAL_ACCENT_COLOR_NAME = AccentColor;
				CODE_SIGN_STYLE = Automatic;
				CURRENT_PROJECT_VERSION = 1;
				DEVELOPMENT_ASSET_PATHS = "\"FiestaSampleApp/Preview Content\"";
				DEVELOPMENT_TEAM = 2EQRFE6HER;
				ENABLE_PREVIEWS = YES;
				GENERATE_INFOPLIST_FILE = YES;
				INFOPLIST_KEY_UIApplicationSceneManifest_Generation = YES;
				INFOPLIST_KEY_UIApplicationSupportsIndirectInputEvents = YES;
				INFOPLIST_KEY_UILaunchScreen_Generation = YES;
				INFOPLIST_KEY_UISupportedInterfaceOrientations_iPad = "UIInterfaceOrientationPortrait UIInterfaceOrientationPortraitUpsideDown UIInterfaceOrientationLandscapeLeft UIInterfaceOrientationLandscapeRight";
				INFOPLIST_KEY_UISupportedInterfaceOrientations_iPhone = "UIInterfaceOrientationPortrait UIInterfaceOrientationLandscapeLeft UIInterfaceOrientationLandscapeRight";
				LD_RUNPATH_SEARCH_PATHS = (
					"$(inherited)",
					"@executable_path/Frameworks",
				);
				MARKETING_VERSION = 1.0;
				PRODUCT_BUNDLE_IDENTIFIER = com.ryiosdev.sample.FiestaSampleApp;
				PRODUCT_NAME = "$(TARGET_NAME)";
				SWIFT_EMIT_LOC_STRINGS = YES;
				SWIFT_VERSION = 5.0;
				TARGETED_DEVICE_FAMILY = "1,2";
			};
			name = Debug;
		};
		94BD1CCC2ABBBE830062DD6E /* Release */ = {
			isa = XCBuildConfiguration;
			buildSettings = {
				ASSETCATALOG_COMPILER_APPICON_NAME = AppIcon;
				ASSETCATALOG_COMPILER_GLOBAL_ACCENT_COLOR_NAME = AccentColor;
				CODE_SIGN_STYLE = Automatic;
				CURRENT_PROJECT_VERSION = 1;
				DEVELOPMENT_ASSET_PATHS = "\"FiestaSampleApp/Preview Content\"";
				DEVELOPMENT_TEAM = 2EQRFE6HER;
				ENABLE_PREVIEWS = YES;
				GENERATE_INFOPLIST_FILE = YES;
				INFOPLIST_KEY_UIApplicationSceneManifest_Generation = YES;
				INFOPLIST_KEY_UIApplicationSupportsIndirectInputEvents = YES;
				INFOPLIST_KEY_UILaunchScreen_Generation = YES;
				INFOPLIST_KEY_UISupportedInterfaceOrientations_iPad = "UIInterfaceOrientationPortrait UIInterfaceOrientationPortraitUpsideDown UIInterfaceOrientationLandscapeLeft UIInterfaceOrientationLandscapeRight";
				INFOPLIST_KEY_UISupportedInterfaceOrientations_iPhone = "UIInterfaceOrientationPortrait UIInterfaceOrientationLandscapeLeft UIInterfaceOrientationLandscapeRight";
				LD_RUNPATH_SEARCH_PATHS = (
					"$(inherited)",
					"@executable_path/Frameworks",
				);
				MARKETING_VERSION = 1.0;
				PRODUCT_BUNDLE_IDENTIFIER = com.ryiosdev.sample.FiestaSampleApp;
				PRODUCT_NAME = "$(TARGET_NAME)";
				SWIFT_EMIT_LOC_STRINGS = YES;
				SWIFT_VERSION = 5.0;
				TARGETED_DEVICE_FAMILY = "1,2";
			};
			name = Release;
		};
		94BD1CCE2ABBBE830062DD6E /* Debug */ = {
			isa = XCBuildConfiguration;
			buildSettings = {
				ALWAYS_EMBED_SWIFT_STANDARD_LIBRARIES = YES;
				BUNDLE_LOADER = "$(TEST_HOST)";
				CODE_SIGN_STYLE = Automatic;
				CURRENT_PROJECT_VERSION = 1;
				DEVELOPMENT_TEAM = 2EQRFE6HER;
				GENERATE_INFOPLIST_FILE = YES;
				IPHONEOS_DEPLOYMENT_TARGET = 16.2;
				MARKETING_VERSION = 1.0;
				PRODUCT_BUNDLE_IDENTIFIER = com.ryiosdev.sample.FiestaSampleAppTests;
				PRODUCT_NAME = "$(TARGET_NAME)";
				SWIFT_EMIT_LOC_STRINGS = NO;
				SWIFT_VERSION = 5.0;
				TARGETED_DEVICE_FAMILY = "1,2";
				TEST_HOST = "$(BUILT_PRODUCTS_DIR)/FiestaSampleApp.app/$(BUNDLE_EXECUTABLE_FOLDER_PATH)/FiestaSampleApp";
			};
			name = Debug;
		};
		94BD1CCF2ABBBE830062DD6E /* Release */ = {
			isa = XCBuildConfiguration;
			buildSettings = {
				ALWAYS_EMBED_SWIFT_STANDARD_LIBRARIES = YES;
				BUNDLE_LOADER = "$(TEST_HOST)";
				CODE_SIGN_STYLE = Automatic;
				CURRENT_PROJECT_VERSION = 1;
				DEVELOPMENT_TEAM = 2EQRFE6HER;
				GENERATE_INFOPLIST_FILE = YES;
				IPHONEOS_DEPLOYMENT_TARGET = 16.2;
				MARKETING_VERSION = 1.0;
				PRODUCT_BUNDLE_IDENTIFIER = com.ryiosdev.sample.FiestaSampleAppTests;
				PRODUCT_NAME = "$(TARGET_NAME)";
				SWIFT_EMIT_LOC_STRINGS = NO;
				SWIFT_VERSION = 5.0;
				TARGETED_DEVICE_FAMILY = "1,2";
				TEST_HOST = "$(BUILT_PRODUCTS_DIR)/FiestaSampleApp.app/$(BUNDLE_EXECUTABLE_FOLDER_PATH)/FiestaSampleApp";
			};
			name = Release;
		};
		94BD1CD12ABBBE830062DD6E /* Debug */ = {
			isa = XCBuildConfiguration;
			buildSettings = {
				ALWAYS_EMBED_SWIFT_STANDARD_LIBRARIES = YES;
				CODE_SIGN_STYLE = Automatic;
				CURRENT_PROJECT_VERSION = 1;
				DEVELOPMENT_TEAM = 2EQRFE6HER;
				GENERATE_INFOPLIST_FILE = YES;
				MARKETING_VERSION = 1.0;
				PRODUCT_BUNDLE_IDENTIFIER = com.ryiosdev.sample.FiestaSampleAppUITests;
				PRODUCT_NAME = "$(TARGET_NAME)";
				SWIFT_EMIT_LOC_STRINGS = NO;
				SWIFT_VERSION = 5.0;
				TARGETED_DEVICE_FAMILY = "1,2";
				TEST_TARGET_NAME = FiestaSampleApp;
			};
			name = Debug;
		};
		94BD1CD22ABBBE830062DD6E /* Release */ = {
			isa = XCBuildConfiguration;
			buildSettings = {
				ALWAYS_EMBED_SWIFT_STANDARD_LIBRARIES = YES;
				CODE_SIGN_STYLE = Automatic;
				CURRENT_PROJECT_VERSION = 1;
				DEVELOPMENT_TEAM = 2EQRFE6HER;
				GENERATE_INFOPLIST_FILE = YES;
				MARKETING_VERSION = 1.0;
				PRODUCT_BUNDLE_IDENTIFIER = com.ryiosdev.sample.FiestaSampleAppUITests;
				PRODUCT_NAME = "$(TARGET_NAME)";
				SWIFT_EMIT_LOC_STRINGS = NO;
				SWIFT_VERSION = 5.0;
				TARGETED_DEVICE_FAMILY = "1,2";
				TEST_TARGET_NAME = FiestaSampleApp;
			};
			name = Release;
		};
/* End XCBuildConfiguration section */

/* Begin XCConfigurationList section */
		94BD1CA12ABBBE800062DD6E /* Build configuration list for PBXProject "FiestaSampleApp" */ = {
			isa = XCConfigurationList;
			buildConfigurations = (
				94BD1CC82ABBBE830062DD6E /* Debug */,
				94BD1CC92ABBBE830062DD6E /* Release */,
			);
			defaultConfigurationIsVisible = 0;
			defaultConfigurationName = Release;
		};
		94BD1CCA2ABBBE830062DD6E /* Build configuration list for PBXNativeTarget "FiestaSampleApp" */ = {
			isa = XCConfigurationList;
			buildConfigurations = (
				94BD1CCB2ABBBE830062DD6E /* Debug */,
				94BD1CCC2ABBBE830062DD6E /* Release */,
			);
			defaultConfigurationIsVisible = 0;
			defaultConfigurationName = Release;
		};
		94BD1CCD2ABBBE830062DD6E /* Build configuration list for PBXNativeTarget "FiestaSampleAppTests" */ = {
			isa = XCConfigurationList;
			buildConfigurations = (
				94BD1CCE2ABBBE830062DD6E /* Debug */,
				94BD1CCF2ABBBE830062DD6E /* Release */,
			);
			defaultConfigurationIsVisible = 0;
			defaultConfigurationName = Release;
		};
		94BD1CD02ABBBE830062DD6E /* Build configuration list for PBXNativeTarget "FiestaSampleAppUITests" */ = {
			isa = XCConfigurationList;
			buildConfigurations = (
				94BD1CD12ABBBE830062DD6E /* Debug */,
				94BD1CD22ABBBE830062DD6E /* Release */,
			);
			defaultConfigurationIsVisible = 0;
			defaultConfigurationName = Release;
		};
/* End XCConfigurationList section */

/* Begin XCSwiftPackageProductDependency section */
		9405AA5A2ABBC21F0053DB22 /* FiestaUI */ = {
			isa = XCSwiftPackageProductDependency;
			productName = FiestaUI;
		};
/* End XCSwiftPackageProductDependency section */
	};
	rootObject = 94BD1C9E2ABBBE800062DD6E /* Project object */;
}
